// !$*UTF8*$!
{
	archiveVersion = 1;
	classes = {
	};
	objectVersion = 50;
	objects = {

/* Begin PBXBuildFile section */
		1136A712228A256500A24FF9 /* MealTableViewController.swift in Sources */ = {isa = PBXBuildFile; fileRef = 1136A711228A256500A24FF9 /* MealTableViewController.swift */; };
		115635162289BFEF00EED46B /* Meal.swift in Sources */ = {isa = PBXBuildFile; fileRef = 115635152289BFEF00EED46B /* Meal.swift */; };
		115635182289CB7500EED46B /* MealTableViewCell.swift in Sources */ = {isa = PBXBuildFile; fileRef = 115635172289CB7500EED46B /* MealTableViewCell.swift */; };
		11D289AA2285D923008EC792 /* RatingControl.swift in Sources */ = {isa = PBXBuildFile; fileRef = 11D289A92285D923008EC792 /* RatingControl.swift */; };
		11DE94302279EFC200EAFFFA /* AppDelegate.swift in Sources */ = {isa = PBXBuildFile; fileRef = 11DE942F2279EFC200EAFFFA /* AppDelegate.swift */; };
		11DE94322279EFC200EAFFFA /* MealViewController.swift in Sources */ = {isa = PBXBuildFile; fileRef = 11DE94312279EFC200EAFFFA /* MealViewController.swift */; };
		11DE94352279EFC200EAFFFA /* Main.storyboard in Resources */ = {isa = PBXBuildFile; fileRef = 11DE94332279EFC200EAFFFA /* Main.storyboard */; };
		11DE94372279EFC400EAFFFA /* Assets.xcassets in Resources */ = {isa = PBXBuildFile; fileRef = 11DE94362279EFC400EAFFFA /* Assets.xcassets */; };
		11DE943A2279EFC400EAFFFA /* LaunchScreen.storyboard in Resources */ = {isa = PBXBuildFile; fileRef = 11DE94382279EFC400EAFFFA /* LaunchScreen.storyboard */; };
		11DE94452279EFC400EAFFFA /* FoodTrackerTests.swift in Sources */ = {isa = PBXBuildFile; fileRef = 11DE94442279EFC400EAFFFA /* FoodTrackerTests.swift */; };
/* End PBXBuildFile section */

/* Begin PBXContainerItemProxy section */
		11DE94412279EFC400EAFFFA /* PBXContainerItemProxy */ = {
			isa = PBXContainerItemProxy;
			containerPortal = 11DE94242279EFC200EAFFFA /* Project object */;
			proxyType = 1;
			remoteGlobalIDString = 11DE942B2279EFC200EAFFFA;
			remoteInfo = FoodTracker;
		};
/* End PBXContainerItemProxy section */

/* Begin PBXFileReference section */
		1136A711228A256500A24FF9 /* MealTableViewController.swift */ = {isa = PBXFileReference; lastKnownFileType = sourcecode.swift; path = MealTableViewController.swift; sourceTree = "<group>"; };
		115635152289BFEF00EED46B /* Meal.swift */ = {isa = PBXFileReference; lastKnownFileType = sourcecode.swift; path = Meal.swift; sourceTree = "<group>"; };
		115635172289CB7500EED46B /* MealTableViewCell.swift */ = {isa = PBXFileReference; lastKnownFileType = sourcecode.swift; path = MealTableViewCell.swift; sourceTree = "<group>"; };
		11D289A92285D923008EC792 /* RatingControl.swift */ = {isa = PBXFileReference; lastKnownFileType = sourcecode.swift; path = RatingControl.swift; sourceTree = "<group>"; };
		11DE942C2279EFC200EAFFFA /* FoodTracker.app */ = {isa = PBXFileReference; explicitFileType = wrapper.application; includeInIndex = 0; path = FoodTracker.app; sourceTree = BUILT_PRODUCTS_DIR; };
		11DE942F2279EFC200EAFFFA /* AppDelegate.swift */ = {isa = PBXFileReference; lastKnownFileType = sourcecode.swift; path = AppDelegate.swift; sourceTree = "<group>"; };
		11DE94312279EFC200EAFFFA /* MealViewController.swift */ = {isa = PBXFileReference; lastKnownFileType = sourcecode.swift; path = MealViewController.swift; sourceTree = "<group>"; };
		11DE94342279EFC200EAFFFA /* Base */ = {isa = PBXFileReference; lastKnownFileType = file.storyboard; name = Base; path = Base.lproj/Main.storyboard; sourceTree = "<group>"; };
		11DE94362279EFC400EAFFFA /* Assets.xcassets */ = {isa = PBXFileReference; lastKnownFileType = folder.assetcatalog; path = Assets.xcassets; sourceTree = "<group>"; };
		11DE94392279EFC400EAFFFA /* Base */ = {isa = PBXFileReference; lastKnownFileType = file.storyboard; name = Base; path = Base.lproj/LaunchScreen.storyboard; sourceTree = "<group>"; };
		11DE943B2279EFC400EAFFFA /* Info.plist */ = {isa = PBXFileReference; lastKnownFileType = text.plist.xml; path = Info.plist; sourceTree = "<group>"; };
		11DE94402279EFC400EAFFFA /* FoodTrackerTests.xctest */ = {isa = PBXFileReference; explicitFileType = wrapper.cfbundle; includeInIndex = 0; path = FoodTrackerTests.xctest; sourceTree = BUILT_PRODUCTS_DIR; };
		11DE94442279EFC400EAFFFA /* FoodTrackerTests.swift */ = {isa = PBXFileReference; lastKnownFileType = sourcecode.swift; path = FoodTrackerTests.swift; sourceTree = "<group>"; };
		11DE94462279EFC400EAFFFA /* Info.plist */ = {isa = PBXFileReference; lastKnownFileType = text.plist.xml; path = Info.plist; sourceTree = "<group>"; };
/* End PBXFileReference section */

/* Begin PBXFrameworksBuildPhase section */
		11DE94292279EFC200EAFFFA /* Frameworks */ = {
			isa = PBXFrameworksBuildPhase;
			buildActionMask = 2147483647;
			files = (
			);
			runOnlyForDeploymentPostprocessing = 0;
		};
		11DE943D2279EFC400EAFFFA /* Frameworks */ = {
			isa = PBXFrameworksBuildPhase;
			buildActionMask = 2147483647;
			files = (
			);
			runOnlyForDeploymentPostprocessing = 0;
		};
/* End PBXFrameworksBuildPhase section */

/* Begin PBXGroup section */
		11DE94232279EFC200EAFFFA = {
			isa = PBXGroup;
			children = (
				11DE942E2279EFC200EAFFFA /* FoodTracker */,
				11DE94432279EFC400EAFFFA /* FoodTrackerTests */,
				11DE942D2279EFC200EAFFFA /* Products */,
			);
			sourceTree = "<group>";
		};
		11DE942D2279EFC200EAFFFA /* Products */ = {
			isa = PBXGroup;
			children = (
				11DE942C2279EFC200EAFFFA /* FoodTracker.app */,
				11DE94402279EFC400EAFFFA /* FoodTrackerTests.xctest */,
			);
			name = Products;
			sourceTree = "<group>";
		};
		11DE942E2279EFC200EAFFFA /* FoodTracker */ = {
			isa = PBXGroup;
			children = (
				11DE942F2279EFC200EAFFFA /* AppDelegate.swift */,
				11DE94312279EFC200EAFFFA /* MealViewController.swift */,
				11D289A92285D923008EC792 /* RatingControl.swift */,
				1136A711228A256500A24FF9 /* MealTableViewController.swift */,
				115635172289CB7500EED46B /* MealTableViewCell.swift */,
				115635152289BFEF00EED46B /* Meal.swift */,
				11DE94332279EFC200EAFFFA /* Main.storyboard */,
				11DE94362279EFC400EAFFFA /* Assets.xcassets */,
				11DE94382279EFC400EAFFFA /* LaunchScreen.storyboard */,
				11DE943B2279EFC400EAFFFA /* Info.plist */,
			);
			path = FoodTracker;
			sourceTree = "<group>";
		};
		11DE94432279EFC400EAFFFA /* FoodTrackerTests */ = {
			isa = PBXGroup;
			children = (
				11DE94442279EFC400EAFFFA /* FoodTrackerTests.swift */,
				11DE94462279EFC400EAFFFA /* Info.plist */,
			);
			path = FoodTrackerTests;
			sourceTree = "<group>";
		};
/* End PBXGroup section */

/* Begin PBXNativeTarget section */
		11DE942B2279EFC200EAFFFA /* FoodTracker */ = {
			isa = PBXNativeTarget;
			buildConfigurationList = 11DE94492279EFC400EAFFFA /* Build configuration list for PBXNativeTarget "FoodTracker" */;
			buildPhases = (
				11DE94282279EFC200EAFFFA /* Sources */,
				11DE94292279EFC200EAFFFA /* Frameworks */,
				11DE942A2279EFC200EAFFFA /* Resources */,
			);
			buildRules = (
			);
			dependencies = (
			);
			name = FoodTracker;
			productName = FoodTracker;
			productReference = 11DE942C2279EFC200EAFFFA /* FoodTracker.app */;
			productType = "com.apple.product-type.application";
		};
		11DE943F2279EFC400EAFFFA /* FoodTrackerTests */ = {
			isa = PBXNativeTarget;
			buildConfigurationList = 11DE944C2279EFC400EAFFFA /* Build configuration list for PBXNativeTarget "FoodTrackerTests" */;
			buildPhases = (
				11DE943C2279EFC400EAFFFA /* Sources */,
				11DE943D2279EFC400EAFFFA /* Frameworks */,
				11DE943E2279EFC400EAFFFA /* Resources */,
			);
			buildRules = (
			);
			dependencies = (
				11DE94422279EFC400EAFFFA /* PBXTargetDependency */,
			);
			name = FoodTrackerTests;
			productName = FoodTrackerTests;
			productReference = 11DE94402279EFC400EAFFFA /* FoodTrackerTests.xctest */;
			productType = "com.apple.product-type.bundle.unit-test";
		};
/* End PBXNativeTarget section */

/* Begin PBXProject section */
		11DE94242279EFC200EAFFFA /* Project object */ = {
			isa = PBXProject;
			attributes = {
				LastSwiftUpdateCheck = 1020;
				LastUpgradeCheck = 1020;
				ORGANIZATIONNAME = "ThinkEco Inc.";
				TargetAttributes = {
					11DE942B2279EFC200EAFFFA = {
						CreatedOnToolsVersion = 10.2.1;
					};
					11DE943F2279EFC400EAFFFA = {
						CreatedOnToolsVersion = 10.2.1;
						TestTargetID = 11DE942B2279EFC200EAFFFA;
					};
				};
			};
			buildConfigurationList = 11DE94272279EFC200EAFFFA /* Build configuration list for PBXProject "FoodTracker" */;
			compatibilityVersion = "Xcode 9.3";
			developmentRegion = en;
			hasScannedForEncodings = 0;
			knownRegions = (
				en,
				Base,
			);
			mainGroup = 11DE94232279EFC200EAFFFA;
			productRefGroup = 11DE942D2279EFC200EAFFFA /* Products */;
			projectDirPath = "";
			projectRoot = "";
			targets = (
				11DE942B2279EFC200EAFFFA /* FoodTracker */,
				11DE943F2279EFC400EAFFFA /* FoodTrackerTests */,
			);
		};
/* End PBXProject section */

/* Begin PBXResourcesBuildPhase section */
		11DE942A2279EFC200EAFFFA /* Resources */ = {
			isa = PBXResourcesBuildPhase;
			buildActionMask = 2147483647;
			files = (
				11DE943A2279EFC400EAFFFA /* LaunchScreen.storyboard in Resources */,
				11DE94372279EFC400EAFFFA /* Assets.xcassets in Resources */,
				11DE94352279EFC200EAFFFA /* Main.storyboard in Resources */,
			);
			runOnlyForDeploymentPostprocessing = 0;
		};
		11DE943E2279EFC400EAFFFA /* Resources */ = {
			isa = PBXResourcesBuildPhase;
			buildActionMask = 2147483647;
			files = (
			);
			runOnlyForDeploymentPostprocessing = 0;
		};
/* End PBXResourcesBuildPhase section */

/* Begin PBXSourcesBuildPhase section */
		11DE94282279EFC200EAFFFA /* Sources */ = {
			isa = PBXSourcesBuildPhase;
			buildActionMask = 2147483647;
			files = (
				115635162289BFEF00EED46B /* Meal.swift in Sources */,
				11DE94322279EFC200EAFFFA /* MealViewController.swift in Sources */,
				11D289AA2285D923008EC792 /* RatingControl.swift in Sources */,
				11DE94302279EFC200EAFFFA /* AppDelegate.swift in Sources */,
				1136A712228A256500A24FF9 /* MealTableViewController.swift in Sources */,
				115635182289CB7500EED46B /* MealTableViewCell.swift in Sources */,
			);
			runOnlyForDeploymentPostprocessing = 0;
		};
		11DE943C2279EFC400EAFFFA /* Sources */ = {
			isa = PBXSourcesBuildPhase;
			buildActionMask = 2147483647;
			files = (
				11DE94452279EFC400EAFFFA /* FoodTrackerTests.swift in Sources */,
			);
			runOnlyForDeploymentPostprocessing = 0;
		};
/* End PBXSourcesBuildPhase section */

/* Begin PBXTargetDependency section */
		11DE94422279EFC400EAFFFA /* PBXTargetDependency */ = {
			isa = PBXTargetDependency;
			target = 11DE942B2279EFC200EAFFFA /* FoodTracker */;
			targetProxy = 11DE94412279EFC400EAFFFA /* PBXContainerItemProxy */;
		};
/* End PBXTargetDependency section */

/* Begin PBXVariantGroup section */
		11DE94332279EFC200EAFFFA /* Main.storyboard */ = {
			isa = PBXVariantGroup;
			children = (
				11DE94342279EFC200EAFFFA /* Base */,
			);
			name = Main.storyboard;
			sourceTree = "<group>";
		};
		11DE94382279EFC400EAFFFA /* LaunchScreen.storyboard */ = {
			isa = PBXVariantGroup;
			children = (
				11DE94392279EFC400EAFFFA /* Base */,
			);
			name = LaunchScreen.storyboard;
			sourceTree = "<group>";
		};
/* End PBXVariantGroup section */

/* Begin XCBuildConfiguration section */
		11DE94472279EFC400EAFFFA /* Debug */ = {
			isa = XCBuildConfiguration;
			buildSettings = {
				ALWAYS_SEARCH_USER_PATHS = NO;
				CLANG_ANALYZER_NONNULL = YES;
				CLANG_ANALYZER_NUMBER_OBJECT_CONVERSION = YES_AGGRESSIVE;
				CLANG_CXX_LANGUAGE_STANDARD = "gnu++14";
				CLANG_CXX_LIBRARY = "libc++";
				CLANG_ENABLE_MODULES = YES;
				CLANG_ENABLE_OBJC_ARC = YES;
				CLANG_ENABLE_OBJC_WEAK = YES;
				CLANG_WARN_BLOCK_CAPTURE_AUTORELEASING = YES;
				CLANG_WARN_BOOL_CONVERSION = YES;
				CLANG_WARN_COMMA = YES;
				CLANG_WARN_CONSTANT_CONVERSION = YES;
				CLANG_WARN_DEPRECATED_OBJC_IMPLEMENTATIONS = YES;
				CLANG_WARN_DIRECT_OBJC_ISA_USAGE = YES_ERROR;
				CLANG_WARN_DOCUMENTATION_COMMENTS = YES;
				CLANG_WARN_EMPTY_BODY = YES;
				CLANG_WARN_ENUM_CONVERSION = YES;
				CLANG_WARN_INFINITE_RECURSION = YES;
				CLANG_WARN_INT_CONVERSION = YES;
				CLANG_WARN_NON_LITERAL_NULL_CONVERSION = YES;
				CLANG_WARN_OBJC_IMPLICIT_RETAIN_SELF = YES;
				CLANG_WARN_OBJC_LITERAL_CONVERSION = YES;
				CLANG_WARN_OBJC_ROOT_CLASS = YES_ERROR;
				CLANG_WARN_RANGE_LOOP_ANALYSIS = YES;
				CLANG_WARN_STRICT_PROTOTYPES = YES;
				CLANG_WARN_SUSPICIOUS_MOVE = YES;
				CLANG_WARN_UNGUARDED_AVAILABILITY = YES_AGGRESSIVE;
				CLANG_WARN_UNREACHABLE_CODE = YES;
				CLANG_WARN__DUPLICATE_METHOD_MATCH = YES;
				CODE_SIGN_IDENTITY = "iPhone Developer";
				COPY_PHASE_STRIP = NO;
				DEBUG_INFORMATION_FORMAT = dwarf;
				ENABLE_STRICT_OBJC_MSGSEND = YES;
				ENABLE_TESTABILITY = YES;
				GCC_C_LANGUAGE_STANDARD = gnu11;
				GCC_DYNAMIC_NO_PIC = NO;
				GCC_NO_COMMON_BLOCKS = YES;
				GCC_OPTIMIZATION_LEVEL = 0;
				GCC_PREPROCESSOR_DEFINITIONS = (
					"DEBUG=1",
					"$(inherited)",
				);
				GCC_WARN_64_TO_32_BIT_CONVERSION = YES;
				GCC_WARN_ABOUT_RETURN_TYPE = YES_ERROR;
				GCC_WARN_UNDECLARED_SELECTOR = YES;
				GCC_WARN_UNINITIALIZED_AUTOS = YES_AGGRESSIVE;
				GCC_WARN_UNUSED_FUNCTION = YES;
				GCC_WARN_UNUSED_VARIABLE = YES;
				IPHONEOS_DEPLOYMENT_TARGET = 12.2;
				MTL_ENABLE_DEBUG_INFO = INCLUDE_SOURCE;
				MTL_FAST_MATH = YES;
				ONLY_ACTIVE_ARCH = YES;
				SDKROOT = iphoneos;
				SWIFT_ACTIVE_COMPILATION_CONDITIONS = DEBUG;
				SWIFT_OPTIMIZATION_LEVEL = "-Onone";
			};
			name = Debug;
		};
		11DE94482279EFC400EAFFFA /* Release */ = {
			isa = XCBuildConfiguration;
			buildSettings = {
				ALWAYS_SEARCH_USER_PATHS = NO;
				CLANG_ANALYZER_NONNULL = YES;
				CLANG_ANALYZER_NUMBER_OBJECT_CONVERSION = YES_AGGRESSIVE;
				CLANG_CXX_LANGUAGE_STANDARD = "gnu++14";
				CLANG_CXX_LIBRARY = "libc++";
				CLANG_ENABLE_MODULES = YES;
				CLANG_ENABLE_OBJC_ARC = YES;
				CLANG_ENABLE_OBJC_WEAK = YES;
				CLANG_WARN_BLOCK_CAPTURE_AUTORELEASING = YES;
				CLANG_WARN_BOOL_CONVERSION = YES;
				CLANG_WARN_COMMA = YES;
				CLANG_WARN_CONSTANT_CONVERSION = YES;
				CLANG_WARN_DEPRECATED_OBJC_IMPLEMENTATIONS = YES;
				CLANG_WARN_DIRECT_OBJC_ISA_USAGE = YES_ERROR;
				CLANG_WARN_DOCUMENTATION_COMMENTS = YES;
				CLANG_WARN_EMPTY_BODY = YES;
				CLANG_WARN_ENUM_CONVERSION = YES;
				CLANG_WARN_INFINITE_RECURSION = YES;
				CLANG_WARN_INT_CONVERSION = YES;
				CLANG_WARN_NON_LITERAL_NULL_CONVERSION = YES;
				CLANG_WARN_OBJC_IMPLICIT_RETAIN_SELF = YES;
				CLANG_WARN_OBJC_LITERAL_CONVERSION = YES;
				CLANG_WARN_OBJC_ROOT_CLASS = YES_ERROR;
				CLANG_WARN_RANGE_LOOP_ANALYSIS = YES;
				CLANG_WARN_STRICT_PROTOTYPES = YES;
				CLANG_WARN_SUSPICIOUS_MOVE = YES;
				CLANG_WARN_UNGUARDED_AVAILABILITY = YES_AGGRESSIVE;
				CLANG_WARN_UNREACHABLE_CODE = YES;
				CLANG_WARN__DUPLICATE_METHOD_MATCH = YES;
				CODE_SIGN_IDENTITY = "iPhone Developer";
				COPY_PHASE_STRIP = NO;
				DEBUG_INFORMATION_FORMAT = "dwarf-with-dsym";
				ENABLE_NS_ASSERTIONS = NO;
				ENABLE_STRICT_OBJC_MSGSEND = YES;
				GCC_C_LANGUAGE_STANDARD = gnu11;
				GCC_NO_COMMON_BLOCKS = YES;
				GCC_WARN_64_TO_32_BIT_CONVERSION = YES;
				GCC_WARN_ABOUT_RETURN_TYPE = YES_ERROR;
				GCC_WARN_UNDECLARED_SELECTOR = YES;
				GCC_WARN_UNINITIALIZED_AUTOS = YES_AGGRESSIVE;
				GCC_WARN_UNUSED_FUNCTION = YES;
				GCC_WARN_UNUSED_VARIABLE = YES;
				IPHONEOS_DEPLOYMENT_TARGET = 12.2;
				MTL_ENABLE_DEBUG_INFO = NO;
				MTL_FAST_MATH = YES;
				SDKROOT = iphoneos;
				SWIFT_COMPILATION_MODE = wholemodule;
				SWIFT_OPTIMIZATION_LEVEL = "-O";
				VALIDATE_PRODUCT = YES;
			};
			name = Release;
		};
		11DE944A2279EFC400EAFFFA /* Debug */ = {
			isa = XCBuildConfiguration;
			buildSettings = {
				ASSETCATALOG_COMPILER_APPICON_NAME = AppIcon;
				CODE_SIGN_STYLE = Automatic;
				INFOPLIST_FILE = FoodTracker/Info.plist;
				LD_RUNPATH_SEARCH_PATHS = (
					"$(inherited)",
					"@executable_path/Frameworks",
				);
				PRODUCT_BUNDLE_IDENTIFIER = com.thinkecoinc.FoodTracker;
				PRODUCT_NAME = "$(TARGET_NAME)";
				SWIFT_VERSION = 5.0;
				TARGETED_DEVICE_FAMILY = "1,2";
			};
			name = Debug;
		};
		11DE944B2279EFC400EAFFFA /* Release */ = {
			isa = XCBuildConfiguration;
			buildSettings = {
				ASSETCATALOG_COMPILER_APPICON_NAME = AppIcon;
				CODE_SIGN_STYLE = Automatic;
				INFOPLIST_FILE = FoodTracker/Info.plist;
				LD_RUNPATH_SEARCH_PATHS = (
					"$(inherited)",
					"@executable_path/Frameworks",
				);
				PRODUCT_BUNDLE_IDENTIFIER = com.thinkecoinc.FoodTracker;
				PRODUCT_NAME = "$(TARGET_NAME)";
				SWIFT_VERSION = 5.0;
				TARGETED_DEVICE_FAMILY = "1,2";
			};
			name = Release;
		};
		11DE944D2279EFC400EAFFFA /* Debug */ = {
			isa = XCBuildConfiguration;
			buildSettings = {
				ALWAYS_EMBED_SWIFT_STANDARD_LIBRARIES = YES;
				BUNDLE_LOADER = "$(TEST_HOST)";
				CODE_SIGN_STYLE = Automatic;
				INFOPLIST_FILE = FoodTrackerTests/Info.plist;
				LD_RUNPATH_SEARCH_PATHS = (
					"$(inherited)",
					"@executable_path/Frameworks",
					"@loader_path/Frameworks",
				);
				PRODUCT_BUNDLE_IDENTIFIER = com.thinkecoinc.FoodTrackerTests;
				PRODUCT_NAME = "$(TARGET_NAME)";
				SWIFT_VERSION = 5.0;
				TARGETED_DEVICE_FAMILY = "1,2";
				TEST_HOST = "$(BUILT_PRODUCTS_DIR)/FoodTracker.app/FoodTracker";
			};
			name = Debug;
		};
		11DE944E2279EFC400EAFFFA /* Release */ = {
			isa = XCBuildConfiguration;
			buildSettings = {
				ALWAYS_EMBED_SWIFT_STANDARD_LIBRARIES = YES;
				BUNDLE_LOADER = "$(TEST_HOST)";
				CODE_SIGN_STYLE = Automatic;
				INFOPLIST_FILE = FoodTrackerTests/Info.plist;
				LD_RUNPATH_SEARCH_PATHS = (
					"$(inherited)",
					"@executable_path/Frameworks",
					"@loader_path/Frameworks",
				);
				PRODUCT_BUNDLE_IDENTIFIER = com.thinkecoinc.FoodTrackerTests;
				PRODUCT_NAME = "$(TARGET_NAME)";
				SWIFT_VERSION = 5.0;
				TARGETED_DEVICE_FAMILY = "1,2";
				TEST_HOST = "$(BUILT_PRODUCTS_DIR)/FoodTracker.app/FoodTracker";
			};
			name = Release;
		};
/* End XCBuildConfiguration section */

/* Begin XCConfigurationList section */
		11DE94272279EFC200EAFFFA /* Build configuration list for PBXProject "FoodTracker" */ = {
			isa = XCConfigurationList;
			buildConfigurations = (
				11DE94472279EFC400EAFFFA /* Debug */,
				11DE94482279EFC400EAFFFA /* Release */,
			);
			defaultConfigurationIsVisible = 0;
			defaultConfigurationName = Release;
		};
		11DE94492279EFC400EAFFFA /* Build configuration list for PBXNativeTarget "FoodTracker" */ = {
			isa = XCConfigurationList;
			buildConfigurations = (
				11DE944A2279EFC400EAFFFA /* Debug */,
				11DE944B2279EFC400EAFFFA /* Release */,
			);
			defaultConfigurationIsVisible = 0;
			defaultConfigurationName = Release;
		};
		11DE944C2279EFC400EAFFFA /* Build configuration list for PBXNativeTarget "FoodTrackerTests" */ = {
			isa = XCConfigurationList;
			buildConfigurations = (
				11DE944D2279EFC400EAFFFA /* Debug */,
				11DE944E2279EFC400EAFFFA /* Release */,
			);
			defaultConfigurationIsVisible = 0;
			defaultConfigurationName = Release;
		};
/* End XCConfigurationList section */
	};
	rootObject = 11DE94242279EFC200EAFFFA /* Project object */;
}
